
Microsoft Visual Studio Solution File, Format Version 12.00
# Visual Studio Version 16
VisualStudioVersion = 16.0.31702.278
MinimumVisualStudioVersion = 10.0.40219.1
Project("{FAE04EC0-301F-11D3-BF4B-00C04F79EFBC}") = "FuzzyLib", "FuzzyLib\FuzzyLib.csproj", "{7CBC6EC7-3567-4202-B35D-4406FE118CC2}"
EndProject
Global
	GlobalSection(SolutionConfigurationPlatforms) = preSolution
		Debug|Any CPU = Debug|Any CPU
		Release|Any CPU = Release|Any CPU
	EndGlobalSection
	GlobalSection(ProjectConfigurationPlatforms) = postSolution
		{7CBC6EC7-3567-4202-B35D-4406FE118CC2}.Debug|Any CPU.ActiveCfg = Debug|Any CPU
		{7CBC6EC7-3567-4202-B35D-4406FE118CC2}.Debug|Any CPU.Build.0 = Debug|Any CPU
		{7CBC6EC7-3567-4202-B35D-4406FE118CC2}.Release|Any CPU.ActiveCfg = Release|Any CPU
		{7CBC6EC7-3567-4202-B35D-4406FE118CC2}.Release|Any CPU.Build.0 = Release|Any CPU
	EndGlobalSection
	GlobalSection(SolutionProperties) = preSolution
		HideSolutionNode = FALSE
	EndGlobalSection
	GlobalSection(ExtensibilityGlobals) = postSolution
		SolutionGuid = {994D8C45-A17B-4E57-9E1C-50CF3F778DDF}
	EndGlobalSection
EndGlobal
