
Microsoft Visual Studio Solution File, Format Version 12.00
# Visual Studio Version 16
VisualStudioVersion = 16.0.31702.278
MinimumVisualStudioVersion = 10.0.40219.1
Project("{9A19103F-16F7-4668-BE54-9A1E7A4F7556}") = "FuzzyLib", "FuzzyLib\FuzzyLib.csproj", "{7CBC6EC7-3567-4202-B35D-4406FE118CC2}"
EndProject
Project("{9A19103F-16F7-4668-BE54-9A1E7A4F7556}") = "FuzzyLibTest", "FuzzyLibTest\FuzzyLibTest.csproj", "{0EC65138-890F-47AC-B975-651C36A42605}"
EndProject
Project("{9A19103F-16F7-4668-BE54-9A1E7A4F7556}") = "AdminBoard", "AdminBoard\AdminBoard.csproj", "{BD09C94B-E9F2-4737-9559-814A86BB4B84}"
	ProjectSection(ProjectDependencies) = postProject
		{7CBC6EC7-3567-4202-B35D-4406FE118CC2} = {7CBC6EC7-3567-4202-B35D-4406FE118CC2}
	EndProjectSection
EndProject
Global
	GlobalSection(SolutionConfigurationPlatforms) = preSolution
		Debug|Any CPU = Debug|Any CPU
		Release|Any CPU = Release|Any CPU
	EndGlobalSection
	GlobalSection(ProjectConfigurationPlatforms) = postSolution
		{7CBC6EC7-3567-4202-B35D-4406FE118CC2}.Debug|Any CPU.ActiveCfg = Debug|Any CPU
		{7CBC6EC7-3567-4202-B35D-4406FE118CC2}.Debug|Any CPU.Build.0 = Debug|Any CPU
		{7CBC6EC7-3567-4202-B35D-4406FE118CC2}.Release|Any CPU.ActiveCfg = Release|Any CPU
		{7CBC6EC7-3567-4202-B35D-4406FE118CC2}.Release|Any CPU.Build.0 = Release|Any CPU
		{0EC65138-890F-47AC-B975-651C36A42605}.Debug|Any CPU.ActiveCfg = Debug|Any CPU
		{0EC65138-890F-47AC-B975-651C36A42605}.Debug|Any CPU.Build.0 = Debug|Any CPU
		{0EC65138-890F-47AC-B975-651C36A42605}.Release|Any CPU.ActiveCfg = Release|Any CPU
		{0EC65138-890F-47AC-B975-651C36A42605}.Release|Any CPU.Build.0 = Release|Any CPU
		{BD09C94B-E9F2-4737-9559-814A86BB4B84}.Debug|Any CPU.ActiveCfg = Debug|Any CPU
		{BD09C94B-E9F2-4737-9559-814A86BB4B84}.Debug|Any CPU.Build.0 = Debug|Any CPU
		{BD09C94B-E9F2-4737-9559-814A86BB4B84}.Release|Any CPU.ActiveCfg = Release|Any CPU
		{BD09C94B-E9F2-4737-9559-814A86BB4B84}.Release|Any CPU.Build.0 = Release|Any CPU
	EndGlobalSection
	GlobalSection(SolutionProperties) = preSolution
		HideSolutionNode = FALSE
	EndGlobalSection
	GlobalSection(ExtensibilityGlobals) = postSolution
		SolutionGuid = {994D8C45-A17B-4E57-9E1C-50CF3F778DDF}
	EndGlobalSection
EndGlobal
