
Microsoft Visual Studio Solution File, Format Version 12.00
# Visual Studio Version 17
VisualStudioVersion = 17.3.32825.248
MinimumVisualStudioVersion = 10.0.40219.1
Project("{9A19103F-16F7-4668-BE54-9A1E7A4F7556}") = "FuzzyLib", "FuzzyLib\FuzzyLib.csproj", "{7CBC6EC7-3567-4202-B35D-4406FE118CC2}"
EndProject
Project("{9A19103F-16F7-4668-BE54-9A1E7A4F7556}") = "FuzzyLibTest", "FuzzyLibTest\FuzzyLibTest.csproj", "{0EC65138-890F-47AC-B975-651C36A42605}"
EndProject
Project("{9A19103F-16F7-4668-BE54-9A1E7A4F7556}") = "AdminBoard", "AdminBoard\AdminBoard.csproj", "{BD09C94B-E9F2-4737-9559-814A86BB4B84}"
	ProjectSection(ProjectDependencies) = postProject
		{7CBC6EC7-3567-4202-B35D-4406FE118CC2} = {7CBC6EC7-3567-4202-B35D-4406FE118CC2}
	EndProjectSection
EndProject
Project("{9A19103F-16F7-4668-BE54-9A1E7A4F7556}") = "GreenhouseCore", "GreenhouseCore\GreenhouseCore.csproj", "{B4231DBF-E147-439F-A876-34C28E352322}"
	ProjectSection(ProjectDependencies) = postProject
		{7CBC6EC7-3567-4202-B35D-4406FE118CC2} = {7CBC6EC7-3567-4202-B35D-4406FE118CC2}
	EndProjectSection
EndProject
Project("{9A19103F-16F7-4668-BE54-9A1E7A4F7556}") = "PiTestAndDebugApp", "PiTestAndDebugApp\PiTestAndDebugApp.csproj", "{3ED2AFBA-31E0-4B04-989E-22EB240F0F65}"
EndProject
Global
	GlobalSection(SolutionConfigurationPlatforms) = preSolution
		Debug|Any CPU = Debug|Any CPU
		Debug|x64 = Debug|x64
		Release|Any CPU = Release|Any CPU
		Release|x64 = Release|x64
	EndGlobalSection
	GlobalSection(ProjectConfigurationPlatforms) = postSolution
		{7CBC6EC7-3567-4202-B35D-4406FE118CC2}.Debug|Any CPU.ActiveCfg = Debug|Any CPU
		{7CBC6EC7-3567-4202-B35D-4406FE118CC2}.Debug|Any CPU.Build.0 = Debug|Any CPU
		{7CBC6EC7-3567-4202-B35D-4406FE118CC2}.Debug|x64.ActiveCfg = Debug|Any CPU
		{7CBC6EC7-3567-4202-B35D-4406FE118CC2}.Debug|x64.Build.0 = Debug|Any CPU
		{7CBC6EC7-3567-4202-B35D-4406FE118CC2}.Release|Any CPU.ActiveCfg = Release|Any CPU
		{7CBC6EC7-3567-4202-B35D-4406FE118CC2}.Release|Any CPU.Build.0 = Release|Any CPU
		{7CBC6EC7-3567-4202-B35D-4406FE118CC2}.Release|x64.ActiveCfg = Release|Any CPU
		{7CBC6EC7-3567-4202-B35D-4406FE118CC2}.Release|x64.Build.0 = Release|Any CPU
		{0EC65138-890F-47AC-B975-651C36A42605}.Debug|Any CPU.ActiveCfg = Debug|Any CPU
		{0EC65138-890F-47AC-B975-651C36A42605}.Debug|Any CPU.Build.0 = Debug|Any CPU
		{0EC65138-890F-47AC-B975-651C36A42605}.Debug|x64.ActiveCfg = Debug|Any CPU
		{0EC65138-890F-47AC-B975-651C36A42605}.Debug|x64.Build.0 = Debug|Any CPU
		{0EC65138-890F-47AC-B975-651C36A42605}.Release|Any CPU.ActiveCfg = Release|Any CPU
		{0EC65138-890F-47AC-B975-651C36A42605}.Release|Any CPU.Build.0 = Release|Any CPU
		{0EC65138-890F-47AC-B975-651C36A42605}.Release|x64.ActiveCfg = Release|Any CPU
		{0EC65138-890F-47AC-B975-651C36A42605}.Release|x64.Build.0 = Release|Any CPU
		{BD09C94B-E9F2-4737-9559-814A86BB4B84}.Debug|Any CPU.ActiveCfg = Debug|Any CPU
		{BD09C94B-E9F2-4737-9559-814A86BB4B84}.Debug|Any CPU.Build.0 = Debug|Any CPU
		{BD09C94B-E9F2-4737-9559-814A86BB4B84}.Debug|x64.ActiveCfg = Debug|Any CPU
		{BD09C94B-E9F2-4737-9559-814A86BB4B84}.Debug|x64.Build.0 = Debug|Any CPU
		{BD09C94B-E9F2-4737-9559-814A86BB4B84}.Release|Any CPU.ActiveCfg = Release|Any CPU
		{BD09C94B-E9F2-4737-9559-814A86BB4B84}.Release|Any CPU.Build.0 = Release|Any CPU
		{BD09C94B-E9F2-4737-9559-814A86BB4B84}.Release|x64.ActiveCfg = Release|Any CPU
		{BD09C94B-E9F2-4737-9559-814A86BB4B84}.Release|x64.Build.0 = Release|Any CPU
		{B4231DBF-E147-439F-A876-34C28E352322}.Debug|Any CPU.ActiveCfg = Debug|Any CPU
		{B4231DBF-E147-439F-A876-34C28E352322}.Debug|Any CPU.Build.0 = Debug|Any CPU
		{B4231DBF-E147-439F-A876-34C28E352322}.Debug|x64.ActiveCfg = Debug|x64
		{B4231DBF-E147-439F-A876-34C28E352322}.Debug|x64.Build.0 = Debug|x64
		{B4231DBF-E147-439F-A876-34C28E352322}.Release|Any CPU.ActiveCfg = Release|Any CPU
		{B4231DBF-E147-439F-A876-34C28E352322}.Release|Any CPU.Build.0 = Release|Any CPU
		{B4231DBF-E147-439F-A876-34C28E352322}.Release|x64.ActiveCfg = Release|x64
		{B4231DBF-E147-439F-A876-34C28E352322}.Release|x64.Build.0 = Release|x64
		{3ED2AFBA-31E0-4B04-989E-22EB240F0F65}.Debug|Any CPU.ActiveCfg = Debug|Any CPU
		{3ED2AFBA-31E0-4B04-989E-22EB240F0F65}.Debug|Any CPU.Build.0 = Debug|Any CPU
		{3ED2AFBA-31E0-4B04-989E-22EB240F0F65}.Debug|x64.ActiveCfg = Debug|Any CPU
		{3ED2AFBA-31E0-4B04-989E-22EB240F0F65}.Debug|x64.Build.0 = Debug|Any CPU
		{3ED2AFBA-31E0-4B04-989E-22EB240F0F65}.Release|Any CPU.ActiveCfg = Release|Any CPU
		{3ED2AFBA-31E0-4B04-989E-22EB240F0F65}.Release|Any CPU.Build.0 = Release|Any CPU
		{3ED2AFBA-31E0-4B04-989E-22EB240F0F65}.Release|x64.ActiveCfg = Release|Any CPU
		{3ED2AFBA-31E0-4B04-989E-22EB240F0F65}.Release|x64.Build.0 = Release|Any CPU
	EndGlobalSection
	GlobalSection(SolutionProperties) = preSolution
		HideSolutionNode = FALSE
	EndGlobalSection
	GlobalSection(ExtensibilityGlobals) = postSolution
		SolutionGuid = {994D8C45-A17B-4E57-9E1C-50CF3F778DDF}
	EndGlobalSection
EndGlobal
